
Microsoft Visual Studio Solution File, Format Version 12.00
# Visual Studio Version 17
VisualStudioVersion = 17.0.31903.59
MinimumVisualStudioVersion = 10.0.40219.1
Project("{FAE04EC0-301F-11D3-BF4B-00C04F79EFBC}") = "VariantOne", "VariantOne\VariantOne.csproj", "{B72A25C3-48DA-4769-8BD3-E7CFE8159788}"
EndProject
Project("{FAE04EC0-301F-11D3-BF4B-00C04F79EFBC}") = "VariantTwo", "VariantTwo\VariantTwo.csproj", "{520A8EE9-9B42-4C95-87FD-F66981537178}"
EndProject
Global
	GlobalSection(SolutionConfigurationPlatforms) = preSolution
		Debug|Any CPU = Debug|Any CPU
		Release|Any CPU = Release|Any CPU
	EndGlobalSection
	GlobalSection(ProjectConfigurationPlatforms) = postSolution
		{B72A25C3-48DA-4769-8BD3-E7CFE8159788}.Debug|Any CPU.ActiveCfg = Debug|Any CPU
		{B72A25C3-48DA-4769-8BD3-E7CFE8159788}.Debug|Any CPU.Build.0 = Debug|Any CPU
		{B72A25C3-48DA-4769-8BD3-E7CFE8159788}.Release|Any CPU.ActiveCfg = Release|Any CPU
		{B72A25C3-48DA-4769-8BD3-E7CFE8159788}.Release|Any CPU.Build.0 = Release|Any CPU
		{520A8EE9-9B42-4C95-87FD-F66981537178}.Debug|Any CPU.ActiveCfg = Debug|Any CPU
		{520A8EE9-9B42-4C95-87FD-F66981537178}.Debug|Any CPU.Build.0 = Debug|Any CPU
		{520A8EE9-9B42-4C95-87FD-F66981537178}.Release|Any CPU.ActiveCfg = Release|Any CPU
		{520A8EE9-9B42-4C95-87FD-F66981537178}.Release|Any CPU.Build.0 = Release|Any CPU
	EndGlobalSection
	GlobalSection(SolutionProperties) = preSolution
		HideSolutionNode = FALSE
	EndGlobalSection
EndGlobal
